
Microsoft Visual Studio Solution File, Format Version 12.00
# Visual Studio Version 17
VisualStudioVersion = 17.0.31903.59
MinimumVisualStudioVersion = 10.0.40219.1
Project("{2150E333-8FDC-42A3-9474-1A3956D46DE8}") = "src", "src", "{C3B2A5BC-8985-4298-A764-B35D892CD5A5}"
EndProject
Project("{9A19103F-16F7-4668-BE54-9A1E7A4F7556}") = "DocumentVersionManager.Contracts", "src\DocumentVersionManager.Contracts\DocumentVersionManager.Contracts.csproj", "{64FAFC91-256A-4115-9ABB-BD9ECEDF0342}"
EndProject
Project("{2150E333-8FDC-42A3-9474-1A3956D46DE8}") = "Solution Items", "Solution Items", "{C3AA6A05-372C-462C-9445-7D56AD1DD0C6}"
	ProjectSection(SolutionItems) = preProject
		.gitignore = .gitignore
	EndProjectSection
EndProject
Project("{2150E333-8FDC-42A3-9474-1A3956D46DE8}") = "tests", "tests", "{BE944756-ED7E-497B-81C5-21859258E272}"
EndProject
Project("{2150E333-8FDC-42A3-9474-1A3956D46DE8}") = "Requests", "Requests", "{7D7801B9-E8DA-49BE-BE28-D799F15C5EDB}"
	ProjectSection(SolutionItems) = preProject
		CreateModelType.http = CreateModelType.http
	EndProjectSection
EndProject
Project("{9A19103F-16F7-4668-BE54-9A1E7A4F7556}") = "WebApplication1", "WebApplication1\WebApplication1.csproj", "{3C02FF95-E714-481F-9A9A-261B213DC2C8}"
EndProject
Project("{9A19103F-16F7-4668-BE54-9A1E7A4F7556}") = "WinFormsApp4RDLC", "WinFormsApp4RDLC\WinFormsApp4RDLC.csproj", "{E5075B41-F08D-4BEB-8916-C9E6ACDA4C14}"
EndProject
Project("{FAE04EC0-301F-11D3-BF4B-00C04F79EFBC}") = "WinRDLCNet", "WinRDLCNet\WinRDLCNet.csproj", "{2B7716AF-4C3B-4555-8427-61894236112D}"
EndProject
Project("{9A19103F-16F7-4668-BE54-9A1E7A4F7556}") = "SimpleJWTGenerator", "SimpleJWTGenerator\SimpleJWTGenerator.csproj", "{93D774F5-3AE8-42AD-8A80-696D0F7B4141}"
EndProject
Project("{9A19103F-16F7-4668-BE54-9A1E7A4F7556}") = "SimpleCRUDMySqlDbContext", "SimpleCRUDMySqlDbContext\SimpleCRUDMySqlDbContext.csproj", "{C112D07B-E759-4783-9248-B87F89043F22}"
EndProject
Project("{9A19103F-16F7-4668-BE54-9A1E7A4F7556}") = "FastTestingConsoleApp", "FastTestingConsoleApp\FastTestingConsoleApp.csproj", "{AFB99A02-7037-4773-B7C2-5FC964B04B94}"
EndProject
Project("{2150E333-8FDC-42A3-9474-1A3956D46DE8}") = "postmancollectionsaved", "postmancollectionsaved", "{F6CF5582-CE71-4E2C-9647-E338E4AF3281}"
EndProject
Project("{9A19103F-16F7-4668-BE54-9A1E7A4F7556}") = "DocumentVersionManager.DomainBase", "src\DocumentVersionManager.DomainBase\DocumentVersionManager.DomainBase.csproj", "{DF8C0B1D-F8FE-4720-9334-32DBA281B1B5}"
EndProject
Project("{9A19103F-16F7-4668-BE54-9A1E7A4F7556}") = "DocumentVersionManager.BaseModels", "src\DocumentVersionManager.BaseModels\DocumentVersionManager.BaseModels.csproj", "{F4F237DF-A438-4823-ADEF-45226C8C4BC9}"
EndProject
Project("{9A19103F-16F7-4668-BE54-9A1E7A4F7556}") = "DocumentVersionManager.Application.Tests", "tests\DocumentVersionManager.Application.Tests\DocumentVersionManager.Application.Tests.csproj", "{6B850D8D-56E3-4BDF-9FE7-8D3A9D7F7A3D}"
EndProject
Project("{9A19103F-16F7-4668-BE54-9A1E7A4F7556}") = "DocumentVersionManager.Integration.Tests", "tests\DocumentVersionManager.Integration.Tests\DocumentVersionManager.Integration.Tests.csproj", "{9CC613E8-ACFD-4B0D-8497-DF62DB9B7C14}"
EndProject
Project("{9A19103F-16F7-4668-BE54-9A1E7A4F7556}") = "MailSender", "src\MailSender\MailSender.csproj", "{0D379605-2C17-4ECF-8DB6-44A9B3CC3116}"
EndProject
Project("{9A19103F-16F7-4668-BE54-9A1E7A4F7556}") = "DocumentVersionManager.Domain.Tests", "tests\DocumentVersionManager.Domain.Tests\DocumentVersionManager.Domain.Tests.csproj", "{F0195184-78E5-48E8-AEA4-5DC96FAA500F}"
EndProject
Project("{9A19103F-16F7-4668-BE54-9A1E7A4F7556}") = "LanguageExtTestingConsoleApp", "LanguageExtTestingConsoleApp\LanguageExtTestingConsoleApp.csproj", "{95EC33CD-93EE-47D2-B4EB-483087091302}"
EndProject
Project("{9A19103F-16F7-4668-BE54-9A1E7A4F7556}") = "SignalRApp", "SignalRApp\SignalRApp.csproj", "{0E8D77F1-344A-4AFF-A992-4D286DC16263}"
EndProject
Project("{9A19103F-16F7-4668-BE54-9A1E7A4F7556}") = "DocumentVersionManager.Api", "src\DocumentVersionManager.Api\DocumentVersionManager.Api.csproj", "{D56A817B-99B3-4255-BFA2-F4CDAA7AFDEE}"
EndProject
Project("{9A19103F-16F7-4668-BE54-9A1E7A4F7556}") = "DocumentVersionManager.Application", "src\DocumentVersionManager.Application\DocumentVersionManager.Application.csproj", "{D8D0926D-91A3-439A-B69D-39FBCD05DD99}"
EndProject
Project("{9A19103F-16F7-4668-BE54-9A1E7A4F7556}") = "DocumentVersionManager.Domain", "src\DocumentVersionManager.Domain\DocumentVersionManager.Domain.csproj", "{BD05476C-F00C-4222-9099-358AAD93FE44}"
EndProject
Project("{9A19103F-16F7-4668-BE54-9A1E7A4F7556}") = "DocumentVersionManager.Infrastructure", "src\DocumentVersionManager.Infrastructure\DocumentVersionManager.Infrastructure.csproj", "{A040952A-E7E2-40C7-9AD8-0DA252D6FFDB}"
EndProject
Project("{FAE04EC0-301F-11D3-BF4B-00C04F79EFBC}") = "DocumentVersionManager.Architecture.Tests", "tests\DocumentVersionManager.Architecture.Tests\DocumentVersionManager.Architecture.Tests.csproj", "{46DC804A-E96E-4333-BBBF-470DDDF86F0B}"
EndProject
Global
	GlobalSection(SolutionConfigurationPlatforms) = preSolution
		Debug|Any CPU = Debug|Any CPU
		Release|Any CPU = Release|Any CPU
	EndGlobalSection
	GlobalSection(ProjectConfigurationPlatforms) = postSolution
		{64FAFC91-256A-4115-9ABB-BD9ECEDF0342}.Debug|Any CPU.ActiveCfg = Debug|Any CPU
		{64FAFC91-256A-4115-9ABB-BD9ECEDF0342}.Debug|Any CPU.Build.0 = Debug|Any CPU
		{64FAFC91-256A-4115-9ABB-BD9ECEDF0342}.Release|Any CPU.ActiveCfg = Release|Any CPU
		{64FAFC91-256A-4115-9ABB-BD9ECEDF0342}.Release|Any CPU.Build.0 = Release|Any CPU
		{3C02FF95-E714-481F-9A9A-261B213DC2C8}.Debug|Any CPU.ActiveCfg = Debug|Any CPU
		{3C02FF95-E714-481F-9A9A-261B213DC2C8}.Debug|Any CPU.Build.0 = Debug|Any CPU
		{3C02FF95-E714-481F-9A9A-261B213DC2C8}.Release|Any CPU.ActiveCfg = Release|Any CPU
		{3C02FF95-E714-481F-9A9A-261B213DC2C8}.Release|Any CPU.Build.0 = Release|Any CPU
		{E5075B41-F08D-4BEB-8916-C9E6ACDA4C14}.Debug|Any CPU.ActiveCfg = Debug|Any CPU
		{E5075B41-F08D-4BEB-8916-C9E6ACDA4C14}.Debug|Any CPU.Build.0 = Debug|Any CPU
		{E5075B41-F08D-4BEB-8916-C9E6ACDA4C14}.Release|Any CPU.ActiveCfg = Release|Any CPU
		{E5075B41-F08D-4BEB-8916-C9E6ACDA4C14}.Release|Any CPU.Build.0 = Release|Any CPU
		{2B7716AF-4C3B-4555-8427-61894236112D}.Debug|Any CPU.ActiveCfg = Debug|Any CPU
		{2B7716AF-4C3B-4555-8427-61894236112D}.Debug|Any CPU.Build.0 = Debug|Any CPU
		{2B7716AF-4C3B-4555-8427-61894236112D}.Release|Any CPU.ActiveCfg = Release|Any CPU
		{2B7716AF-4C3B-4555-8427-61894236112D}.Release|Any CPU.Build.0 = Release|Any CPU
		{93D774F5-3AE8-42AD-8A80-696D0F7B4141}.Debug|Any CPU.ActiveCfg = Debug|Any CPU
		{93D774F5-3AE8-42AD-8A80-696D0F7B4141}.Debug|Any CPU.Build.0 = Debug|Any CPU
		{93D774F5-3AE8-42AD-8A80-696D0F7B4141}.Release|Any CPU.ActiveCfg = Release|Any CPU
		{93D774F5-3AE8-42AD-8A80-696D0F7B4141}.Release|Any CPU.Build.0 = Release|Any CPU
		{C112D07B-E759-4783-9248-B87F89043F22}.Debug|Any CPU.ActiveCfg = Debug|Any CPU
		{C112D07B-E759-4783-9248-B87F89043F22}.Debug|Any CPU.Build.0 = Debug|Any CPU
		{C112D07B-E759-4783-9248-B87F89043F22}.Release|Any CPU.ActiveCfg = Release|Any CPU
		{C112D07B-E759-4783-9248-B87F89043F22}.Release|Any CPU.Build.0 = Release|Any CPU
		{AFB99A02-7037-4773-B7C2-5FC964B04B94}.Debug|Any CPU.ActiveCfg = Debug|Any CPU
		{AFB99A02-7037-4773-B7C2-5FC964B04B94}.Debug|Any CPU.Build.0 = Debug|Any CPU
		{AFB99A02-7037-4773-B7C2-5FC964B04B94}.Release|Any CPU.ActiveCfg = Release|Any CPU
		{AFB99A02-7037-4773-B7C2-5FC964B04B94}.Release|Any CPU.Build.0 = Release|Any CPU
		{DF8C0B1D-F8FE-4720-9334-32DBA281B1B5}.Debug|Any CPU.ActiveCfg = Debug|Any CPU
		{DF8C0B1D-F8FE-4720-9334-32DBA281B1B5}.Debug|Any CPU.Build.0 = Debug|Any CPU
		{DF8C0B1D-F8FE-4720-9334-32DBA281B1B5}.Release|Any CPU.ActiveCfg = Release|Any CPU
		{DF8C0B1D-F8FE-4720-9334-32DBA281B1B5}.Release|Any CPU.Build.0 = Release|Any CPU
		{F4F237DF-A438-4823-ADEF-45226C8C4BC9}.Debug|Any CPU.ActiveCfg = Debug|Any CPU
		{F4F237DF-A438-4823-ADEF-45226C8C4BC9}.Debug|Any CPU.Build.0 = Debug|Any CPU
		{F4F237DF-A438-4823-ADEF-45226C8C4BC9}.Release|Any CPU.ActiveCfg = Release|Any CPU
		{F4F237DF-A438-4823-ADEF-45226C8C4BC9}.Release|Any CPU.Build.0 = Release|Any CPU
		{6B850D8D-56E3-4BDF-9FE7-8D3A9D7F7A3D}.Debug|Any CPU.ActiveCfg = Debug|Any CPU
		{6B850D8D-56E3-4BDF-9FE7-8D3A9D7F7A3D}.Debug|Any CPU.Build.0 = Debug|Any CPU
		{6B850D8D-56E3-4BDF-9FE7-8D3A9D7F7A3D}.Release|Any CPU.ActiveCfg = Release|Any CPU
		{6B850D8D-56E3-4BDF-9FE7-8D3A9D7F7A3D}.Release|Any CPU.Build.0 = Release|Any CPU
		{9CC613E8-ACFD-4B0D-8497-DF62DB9B7C14}.Debug|Any CPU.ActiveCfg = Debug|Any CPU
		{9CC613E8-ACFD-4B0D-8497-DF62DB9B7C14}.Debug|Any CPU.Build.0 = Debug|Any CPU
		{9CC613E8-ACFD-4B0D-8497-DF62DB9B7C14}.Release|Any CPU.ActiveCfg = Release|Any CPU
		{9CC613E8-ACFD-4B0D-8497-DF62DB9B7C14}.Release|Any CPU.Build.0 = Release|Any CPU
		{0D379605-2C17-4ECF-8DB6-44A9B3CC3116}.Debug|Any CPU.ActiveCfg = Debug|Any CPU
		{0D379605-2C17-4ECF-8DB6-44A9B3CC3116}.Debug|Any CPU.Build.0 = Debug|Any CPU
		{0D379605-2C17-4ECF-8DB6-44A9B3CC3116}.Release|Any CPU.ActiveCfg = Release|Any CPU
		{0D379605-2C17-4ECF-8DB6-44A9B3CC3116}.Release|Any CPU.Build.0 = Release|Any CPU
		{F0195184-78E5-48E8-AEA4-5DC96FAA500F}.Debug|Any CPU.ActiveCfg = Debug|Any CPU
		{F0195184-78E5-48E8-AEA4-5DC96FAA500F}.Debug|Any CPU.Build.0 = Debug|Any CPU
		{F0195184-78E5-48E8-AEA4-5DC96FAA500F}.Release|Any CPU.ActiveCfg = Release|Any CPU
		{F0195184-78E5-48E8-AEA4-5DC96FAA500F}.Release|Any CPU.Build.0 = Release|Any CPU
		{95EC33CD-93EE-47D2-B4EB-483087091302}.Debug|Any CPU.ActiveCfg = Debug|Any CPU
		{95EC33CD-93EE-47D2-B4EB-483087091302}.Debug|Any CPU.Build.0 = Debug|Any CPU
		{95EC33CD-93EE-47D2-B4EB-483087091302}.Release|Any CPU.ActiveCfg = Release|Any CPU
		{95EC33CD-93EE-47D2-B4EB-483087091302}.Release|Any CPU.Build.0 = Release|Any CPU
		{0E8D77F1-344A-4AFF-A992-4D286DC16263}.Debug|Any CPU.ActiveCfg = Debug|Any CPU
		{0E8D77F1-344A-4AFF-A992-4D286DC16263}.Debug|Any CPU.Build.0 = Debug|Any CPU
		{0E8D77F1-344A-4AFF-A992-4D286DC16263}.Release|Any CPU.ActiveCfg = Release|Any CPU
		{0E8D77F1-344A-4AFF-A992-4D286DC16263}.Release|Any CPU.Build.0 = Release|Any CPU
		{D56A817B-99B3-4255-BFA2-F4CDAA7AFDEE}.Debug|Any CPU.ActiveCfg = Debug|Any CPU
		{D56A817B-99B3-4255-BFA2-F4CDAA7AFDEE}.Debug|Any CPU.Build.0 = Debug|Any CPU
		{D56A817B-99B3-4255-BFA2-F4CDAA7AFDEE}.Release|Any CPU.ActiveCfg = Release|Any CPU
		{D56A817B-99B3-4255-BFA2-F4CDAA7AFDEE}.Release|Any CPU.Build.0 = Release|Any CPU
		{D8D0926D-91A3-439A-B69D-39FBCD05DD99}.Debug|Any CPU.ActiveCfg = Debug|Any CPU
		{D8D0926D-91A3-439A-B69D-39FBCD05DD99}.Debug|Any CPU.Build.0 = Debug|Any CPU
		{D8D0926D-91A3-439A-B69D-39FBCD05DD99}.Release|Any CPU.ActiveCfg = Release|Any CPU
		{D8D0926D-91A3-439A-B69D-39FBCD05DD99}.Release|Any CPU.Build.0 = Release|Any CPU
		{BD05476C-F00C-4222-9099-358AAD93FE44}.Debug|Any CPU.ActiveCfg = Debug|Any CPU
		{BD05476C-F00C-4222-9099-358AAD93FE44}.Debug|Any CPU.Build.0 = Debug|Any CPU
		{BD05476C-F00C-4222-9099-358AAD93FE44}.Release|Any CPU.ActiveCfg = Release|Any CPU
		{BD05476C-F00C-4222-9099-358AAD93FE44}.Release|Any CPU.Build.0 = Release|Any CPU
		{A040952A-E7E2-40C7-9AD8-0DA252D6FFDB}.Debug|Any CPU.ActiveCfg = Debug|Any CPU
		{A040952A-E7E2-40C7-9AD8-0DA252D6FFDB}.Debug|Any CPU.Build.0 = Debug|Any CPU
		{A040952A-E7E2-40C7-9AD8-0DA252D6FFDB}.Release|Any CPU.ActiveCfg = Release|Any CPU
		{A040952A-E7E2-40C7-9AD8-0DA252D6FFDB}.Release|Any CPU.Build.0 = Release|Any CPU
		{46DC804A-E96E-4333-BBBF-470DDDF86F0B}.Debug|Any CPU.ActiveCfg = Debug|Any CPU
		{46DC804A-E96E-4333-BBBF-470DDDF86F0B}.Debug|Any CPU.Build.0 = Debug|Any CPU
		{46DC804A-E96E-4333-BBBF-470DDDF86F0B}.Release|Any CPU.ActiveCfg = Release|Any CPU
		{46DC804A-E96E-4333-BBBF-470DDDF86F0B}.Release|Any CPU.Build.0 = Release|Any CPU
	EndGlobalSection
	GlobalSection(SolutionProperties) = preSolution
		HideSolutionNode = FALSE
	EndGlobalSection
	GlobalSection(NestedProjects) = preSolution
		{64FAFC91-256A-4115-9ABB-BD9ECEDF0342} = {C3B2A5BC-8985-4298-A764-B35D892CD5A5}
		{3C02FF95-E714-481F-9A9A-261B213DC2C8} = {C3B2A5BC-8985-4298-A764-B35D892CD5A5}
		{E5075B41-F08D-4BEB-8916-C9E6ACDA4C14} = {C3B2A5BC-8985-4298-A764-B35D892CD5A5}
		{2B7716AF-4C3B-4555-8427-61894236112D} = {C3B2A5BC-8985-4298-A764-B35D892CD5A5}
		{DF8C0B1D-F8FE-4720-9334-32DBA281B1B5} = {C3B2A5BC-8985-4298-A764-B35D892CD5A5}
		{F4F237DF-A438-4823-ADEF-45226C8C4BC9} = {C3B2A5BC-8985-4298-A764-B35D892CD5A5}
		{6B850D8D-56E3-4BDF-9FE7-8D3A9D7F7A3D} = {BE944756-ED7E-497B-81C5-21859258E272}
		{9CC613E8-ACFD-4B0D-8497-DF62DB9B7C14} = {BE944756-ED7E-497B-81C5-21859258E272}
		{0D379605-2C17-4ECF-8DB6-44A9B3CC3116} = {C3B2A5BC-8985-4298-A764-B35D892CD5A5}
		{F0195184-78E5-48E8-AEA4-5DC96FAA500F} = {BE944756-ED7E-497B-81C5-21859258E272}
		{D56A817B-99B3-4255-BFA2-F4CDAA7AFDEE} = {C3B2A5BC-8985-4298-A764-B35D892CD5A5}
		{D8D0926D-91A3-439A-B69D-39FBCD05DD99} = {C3B2A5BC-8985-4298-A764-B35D892CD5A5}
		{BD05476C-F00C-4222-9099-358AAD93FE44} = {C3B2A5BC-8985-4298-A764-B35D892CD5A5}
		{A040952A-E7E2-40C7-9AD8-0DA252D6FFDB} = {C3B2A5BC-8985-4298-A764-B35D892CD5A5}
		{46DC804A-E96E-4333-BBBF-470DDDF86F0B} = {BE944756-ED7E-497B-81C5-21859258E272}
	EndGlobalSection
	GlobalSection(ExtensibilityGlobals) = postSolution
		SolutionGuid = {90D4CDA1-7101-4521-8A2F-ECC4F9C92B82}
	EndGlobalSection
EndGlobal
